
Microsoft Visual Studio Solution File, Format Version 12.00
# Visual Studio Version 17
VisualStudioVersion = 17.0.32112.339
MinimumVisualStudioVersion = 10.0.40219.1
Project("{FAE04EC0-301F-11D3-BF4B-00C04F79EFBC}") = "Timer", "Timer.csproj", "{6A06A08C-DE94-421C-8FAD-1268A428A055}"
EndProject
Global
	GlobalSection(SolutionConfigurationPlatforms) = preSolution
		Debug|Any CPU = Debug|Any CPU
		Release|Any CPU = Release|Any CPU
	EndGlobalSection
	GlobalSection(ProjectConfigurationPlatforms) = postSolution
		{6A06A08C-DE94-421C-8FAD-1268A428A055}.Debug|Any CPU.ActiveCfg = Debug|Any CPU
		{6A06A08C-DE94-421C-8FAD-1268A428A055}.Debug|Any CPU.Build.0 = Debug|Any CPU
		{6A06A08C-DE94-421C-8FAD-1268A428A055}.Release|Any CPU.ActiveCfg = Release|Any CPU
		{6A06A08C-DE94-421C-8FAD-1268A428A055}.Release|Any CPU.Build.0 = Release|Any CPU
	EndGlobalSection
	GlobalSection(SolutionProperties) = preSolution
		HideSolutionNode = FALSE
	EndGlobalSection
	GlobalSection(ExtensibilityGlobals) = postSolution
		SolutionGuid = {EB5DAAE1-FDF6-4D2E-8A0B-4E6CCAC5EE26}
	EndGlobalSection
EndGlobal
